{
  "name": "prosemirror-math",
  "version": "0.0.1",
  "lockfileVersion": 1,
  "requires": true,
  "dependencies": {
    "@types/katex": {
      "version": "0.11.0",
      "resolved": "https://registry.npmjs.org/@types/katex/-/katex-0.11.0.tgz",
      "integrity": "sha512-27BfE8zASRLYfSBNMk5/+KIjr2CBBrH0i5lhsO04fca4TGirIIMay73v3zNkzqmsaeIa/Mi5kejWDcxPLAmkvA==",
      "dev": true
    },
    "@types/orderedmap": {
      "version": "1.0.0",
      "resolved": "https://registry.npmjs.org/@types/orderedmap/-/orderedmap-1.0.0.tgz",
      "integrity": "sha512-dxKo80TqYx3YtBipHwA/SdFmMMyLCnP+5mkEqN0eMjcTBzHkiiX0ES118DsjDBjvD+zeSsSU9jULTZ+frog+Gw==",
      "dev": true
    },
    "@types/prosemirror-commands": {
      "version": "1.0.3",
      "resolved": "https://registry.npmjs.org/@types/prosemirror-commands/-/prosemirror-commands-1.0.3.tgz",
      "integrity": "sha512-AjFCJqBvAhQ4gOzXPgUcnEZwu4jd7se7ani3dYAv8p4L+cWEPD6Pshrpp5uJDI5/pzvNXLWQ/4c2Qk4h9IML1w==",
      "dev": true,
      "requires": {
        "@types/prosemirror-model": "*",
        "@types/prosemirror-state": "*",
        "@types/prosemirror-view": "*"
      }
    },
    "@types/prosemirror-gapcursor": {
      "version": "1.0.1",
      "resolved": "https://registry.npmjs.org/@types/prosemirror-gapcursor/-/prosemirror-gapcursor-1.0.1.tgz",
      "integrity": "sha512-ruA7FK9NJv+bn5s55SZYFf9SwaN3wk/MkBvqRmhIqIHvowTTa7nzIGWbUdWZMga1DDTk+GrwdcQaEHunAFjFsQ==",
      "dev": true,
      "requires": {
        "@types/prosemirror-state": "*"
      }
    },
    "@types/prosemirror-history": {
      "version": "1.0.1",
      "resolved": "https://registry.npmjs.org/@types/prosemirror-history/-/prosemirror-history-1.0.1.tgz",
      "integrity": "sha512-BYyPJlWDo3VEnWS5X2DCHXrrAKEjdbCe1DUjGL6R/8hmwMFe3iMJGYdBkOXU1FfkTpw7Z+PlwY/pMyeelVydmg==",
      "dev": true,
      "requires": {
        "@types/prosemirror-model": "*",
        "@types/prosemirror-state": "*"
      }
    },
    "@types/prosemirror-inputrules": {
      "version": "1.0.2",
      "resolved": "https://registry.npmjs.org/@types/prosemirror-inputrules/-/prosemirror-inputrules-1.0.2.tgz",
      "integrity": "sha512-bKFneQUPnkZmzCJ1uoitpKH6PFW0hc4q55NsC7mFUCvX0eZl0GRKxyfV47jkJbsbyUQoO/QFv0WwLDz2bo15sA==",
      "dev": true,
      "requires": {
        "@types/prosemirror-model": "*",
        "@types/prosemirror-state": "*"
      }
    },
    "@types/prosemirror-keymap": {
      "version": "1.0.3",
      "resolved": "https://registry.npmjs.org/@types/prosemirror-keymap/-/prosemirror-keymap-1.0.3.tgz",
      "integrity": "sha512-iCYUtt0u8y6qeDZVsidEWJGbw2Kas+jtHD1QY374W/N2jASYp+8auucFLXe0UvoOy9jiWcGcqcecec1R+vkzgw==",
      "dev": true,
      "requires": {
        "@types/prosemirror-commands": "*",
        "@types/prosemirror-model": "*",
        "@types/prosemirror-state": "*",
        "@types/prosemirror-view": "*"
      }
    },
    "@types/prosemirror-model": {
      "version": "1.7.2",
      "resolved": "https://registry.npmjs.org/@types/prosemirror-model/-/prosemirror-model-1.7.2.tgz",
      "integrity": "sha512-2l+yXvidg3AUHN07mO4Jd8Q84fo6ksFsy7LHUurLYrZ74uTahBp2fzcO49AKZMzww2EulXJ40Kl/OFaQ/7A1fw==",
      "dev": true,
      "requires": {
        "@types/orderedmap": "*"
      }
    },
    "@types/prosemirror-schema-basic": {
      "version": "1.0.1",
      "resolved": "https://registry.npmjs.org/@types/prosemirror-schema-basic/-/prosemirror-schema-basic-1.0.1.tgz",
      "integrity": "sha512-IOQAYf1urifbH+Zwbq5XfFOUMNCbEnvIqpuSAE8SUt00nDAoH62T/S8Qhu8LuF++KQbyXb7fdMp352zkPW9Hmw==",
      "dev": true,
      "requires": {
        "@types/prosemirror-model": "*"
      }
    },
    "@types/prosemirror-schema-list": {
      "version": "1.0.1",
      "resolved": "https://registry.npmjs.org/@types/prosemirror-schema-list/-/prosemirror-schema-list-1.0.1.tgz",
      "integrity": "sha512-+iUYq+pj2wVHSThj0MjNDzkkGwq8aDQ6j0UJK8a0cNCL8v44Ftcx1noGPtBIEUJgitH960VnfBNoTWfQoQZfRA==",
      "dev": true,
      "requires": {
        "@types/orderedmap": "*",
        "@types/prosemirror-model": "*",
        "@types/prosemirror-state": "*"
      }
    },
    "@types/prosemirror-state": {
      "version": "1.2.5",
      "resolved": "https://registry.npmjs.org/@types/prosemirror-state/-/prosemirror-state-1.2.5.tgz",
      "integrity": "sha512-a5DxAifiF6vmdSJ5jsDMkpykUgUJUy+T5Q5hCjFOKJ4cfd3m3q1lsFKr7Bc4r91Qb7rfqyiKCMDnASS8LIHrKw==",
      "dev": true,
      "requires": {
        "@types/prosemirror-model": "*",
        "@types/prosemirror-transform": "*",
        "@types/prosemirror-view": "*"
      }
    },
    "@types/prosemirror-transform": {
      "version": "1.1.1",
      "resolved": "https://registry.npmjs.org/@types/prosemirror-transform/-/prosemirror-transform-1.1.1.tgz",
      "integrity": "sha512-yYCYSoiRH+Wcbl8GJc0PFCzeyMzNQ1vL2xrHHSXZuNcIlH75VoiKrZFeZ6BS9cl8mYXjZrlmdBe8YOxYvyKM6A==",
      "dev": true,
      "requires": {
        "@types/prosemirror-model": "*"
      }
    },
    "@types/prosemirror-view": {
      "version": "1.15.0",
      "resolved": "https://registry.npmjs.org/@types/prosemirror-view/-/prosemirror-view-1.15.0.tgz",
      "integrity": "sha512-OBIAiVInYS0cr4txLZEVYs1t1aFKaAZvogFDgkZfLwa+uda+LNPSs6m4tNLU/KXoFu9iK9CPOpiYTlDQPEnU6g==",
      "dev": true,
      "requires": {
        "@types/prosemirror-model": "*",
        "@types/prosemirror-state": "*",
        "@types/prosemirror-transform": "*"
      }
    },
    "commander": {
      "version": "2.20.3",
      "resolved": "https://registry.npmjs.org/commander/-/commander-2.20.3.tgz",
      "integrity": "sha512-GpVkmM8vF2vQUkj2LvZmD35JxeJOLCwJ9cUkugyk2nuhbv3+mJvpLYYt+0+USMxE+oj+ey/lJEnhZw75x/OMcQ=="
    },
    "core-js": {
      "version": "3.6.5",
      "resolved": "https://registry.npmjs.org/core-js/-/core-js-3.6.5.tgz",
      "integrity": "sha512-vZVEEwZoIsI+vPEuoF9Iqf5H7/M3eeQqWlQnYa8FSKKePuYTf5MWnxb5SDAzCa60b3JBRS5g9b+Dq7b1y/RCrA=="
    },
    "katex": {
      "version": "0.12.0",
      "resolved": "https://registry.npmjs.org/katex/-/katex-0.12.0.tgz",
      "integrity": "sha512-y+8btoc/CK70XqcHqjxiGWBOeIL8upbS0peTPXTvgrh21n1RiWWcIpSWM+4uXq+IAgNh9YYQWdc7LVDPDAEEAg==",
      "requires": {
        "commander": "^2.19.0"
      }
    },
    "orderedmap": {
      "version": "1.1.1",
      "resolved": "https://registry.npmjs.org/orderedmap/-/orderedmap-1.1.1.tgz",
      "integrity": "sha512-3Ux8um0zXbVacKUkcytc0u3HgC0b0bBLT+I60r2J/En72cI0nZffqrA7Xtf2Hqs27j1g82llR5Mhbd0Z1XW4AQ=="
    },
    "prosemirror-commands": {
      "version": "1.1.4",
      "resolved": "https://registry.npmjs.org/prosemirror-commands/-/prosemirror-commands-1.1.4.tgz",
      "integrity": "sha512-kj4Qi+8h3EpJtZuuEDwZ9h2/QNGWDsIX/CzjmClxi9GhxWyBUMVUvIFk0mgdqHyX20lLeGmOpc0TLA5aPzgpWg==",
      "requires": {
        "prosemirror-model": "^1.0.0",
        "prosemirror-state": "^1.0.0",
        "prosemirror-transform": "^1.0.0"
      }
    },
    "prosemirror-gapcursor": {
      "version": "1.1.5",
      "resolved": "https://registry.npmjs.org/prosemirror-gapcursor/-/prosemirror-gapcursor-1.1.5.tgz",
      "integrity": "sha512-SjbUZq5pgsBDuV3hu8GqgIpZR5eZvGLM+gPQTqjVVYSMUCfKW3EGXTEYaLHEl1bGduwqNC95O3bZflgtAb4L6w==",
      "requires": {
        "prosemirror-keymap": "^1.0.0",
        "prosemirror-model": "^1.0.0",
        "prosemirror-state": "^1.0.0",
        "prosemirror-view": "^1.0.0"
      }
    },
    "prosemirror-history": {
      "version": "1.1.3",
      "resolved": "https://registry.npmjs.org/prosemirror-history/-/prosemirror-history-1.1.3.tgz",
      "integrity": "sha512-zGDotijea+vnfnyyUGyiy1wfOQhf0B/b6zYcCouBV8yo6JmrE9X23M5q7Nf/nATywEZbgRLG70R4DmfSTC+gfg==",
      "requires": {
        "prosemirror-state": "^1.2.2",
        "prosemirror-transform": "^1.0.0",
        "rope-sequence": "^1.3.0"
      }
    },
    "prosemirror-inputrules": {
      "version": "1.1.2",
      "resolved": "https://registry.npmjs.org/prosemirror-inputrules/-/prosemirror-inputrules-1.1.2.tgz",
      "integrity": "sha512-Ja5Z3BWestlHYGvtSGqyvxMeB8QEuBjlHM8YnKtLGUXMDp965qdDV4goV8lJb17kIWHk7e7JNj6Catuoa3302g==",
      "requires": {
        "prosemirror-state": "^1.0.0",
        "prosemirror-transform": "^1.0.0"
      }
    },
    "prosemirror-keymap": {
      "version": "1.1.4",
      "resolved": "https://registry.npmjs.org/prosemirror-keymap/-/prosemirror-keymap-1.1.4.tgz",
      "integrity": "sha512-Al8cVUOnDFL4gcI5IDlG6xbZ0aOD/i3B17VT+1JbHWDguCgt/lBHVTHUBcKvvbSg6+q/W4Nj1Fu6bwZSca3xjg==",
      "requires": {
        "prosemirror-state": "^1.0.0",
        "w3c-keyname": "^2.2.0"
      }
    },
    "prosemirror-model": {
      "version": "1.11.0",
      "resolved": "https://registry.npmjs.org/prosemirror-model/-/prosemirror-model-1.11.0.tgz",
      "integrity": "sha512-GqoAz/mIYjdv8gVYJ8mWFKpHoTxn/lXq4tXJ6bTVxs+rem2LzMYXrNVXfucGtfsgqsJlRIgng/ByG9j7Q8XDrg==",
      "requires": {
        "orderedmap": "^1.1.0"
      }
    },
    "prosemirror-schema-basic": {
      "version": "1.1.2",
      "resolved": "https://registry.npmjs.org/prosemirror-schema-basic/-/prosemirror-schema-basic-1.1.2.tgz",
      "integrity": "sha512-G4q8WflNsR1Q33QAV4MQO0xWrHLOJ+BQcKswGXMy626wlQj6c/1n1v4eC9ns+h2y1r/fJHZEgSZnsNhm9lbrDw==",
      "requires": {
        "prosemirror-model": "^1.2.0"
      }
    },
    "prosemirror-schema-list": {
      "version": "1.1.2",
      "resolved": "https://registry.npmjs.org/prosemirror-schema-list/-/prosemirror-schema-list-1.1.2.tgz",
      "integrity": "sha512-dgM9PwtM4twa5WsgSYMB+J8bwjnR43DAD3L9MsR9rKm/nZR5Y85xcjB7gusVMSsbQ2NomMZF03RE6No6mTnclQ==",
      "requires": {
        "prosemirror-model": "^1.0.0",
        "prosemirror-transform": "^1.0.0"
      }
    },
    "prosemirror-state": {
      "version": "1.3.3",
      "resolved": "https://registry.npmjs.org/prosemirror-state/-/prosemirror-state-1.3.3.tgz",
      "integrity": "sha512-PLXh2VJsIgvlgSTH6I2Yg6vk1CzPDp21DFreVpQtDMY2S6WaMmrQgDTLRcsrD8X38v8Yc873H7+ogdGzyIPn+w==",
      "requires": {
        "prosemirror-model": "^1.0.0",
        "prosemirror-transform": "^1.0.0"
      }
    },
    "prosemirror-tables": {
      "version": "1.1.1",
      "resolved": "https://registry.npmjs.org/prosemirror-tables/-/prosemirror-tables-1.1.1.tgz",
      "integrity": "sha512-LmCz4jrlqQZRsYRDzCRYf/pQ5CUcSOyqZlAj5kv67ZWBH1SVLP2U9WJEvQfimWgeRlIz0y0PQVqO1arRm1+woA==",
      "requires": {
        "prosemirror-keymap": "^1.1.2",
        "prosemirror-model": "^1.8.1",
        "prosemirror-state": "^1.3.1",
        "prosemirror-transform": "^1.2.1",
        "prosemirror-view": "^1.13.3"
      }
    },
    "prosemirror-transform": {
      "version": "1.2.7",
      "resolved": "https://registry.npmjs.org/prosemirror-transform/-/prosemirror-transform-1.2.7.tgz",
      "integrity": "sha512-/107Lo2zeDgXuJBxb8s/clNu0Z2W8Gv3MKmkuSS/68Mcr7LBaUnN/Hj2g+GUxEJ7MpExCzFs65GrsNo2K9rxUQ==",
      "requires": {
        "prosemirror-model": "^1.0.0"
      }
    },
    "prosemirror-view": {
      "version": "1.15.2",
      "resolved": "https://registry.npmjs.org/prosemirror-view/-/prosemirror-view-1.15.2.tgz",
      "integrity": "sha512-0wftmMDVD8VXj2HZgv6Rg//+tgJC0lpV9LkYlCiAkDLKsf4yW3Ozs5td1ZXqsyoqvX0ga/k5g2EyLbqOMmC1+w==",
      "requires": {
        "prosemirror-model": "^1.1.0",
        "prosemirror-state": "^1.0.0",
        "prosemirror-transform": "^1.1.0"
      }
    },
    "rope-sequence": {
      "version": "1.3.2",
      "resolved": "https://registry.npmjs.org/rope-sequence/-/rope-sequence-1.3.2.tgz",
      "integrity": "sha512-ku6MFrwEVSVmXLvy3dYph3LAMNS0890K7fabn+0YIRQ2T96T9F4gkFf0vf0WW0JUraNWwGRtInEpH7yO4tbQZg=="
    },
    "w3c-keyname": {
      "version": "2.2.4",
      "resolved": "https://registry.npmjs.org/w3c-keyname/-/w3c-keyname-2.2.4.tgz",
      "integrity": "sha512-tOhfEwEzFLJzf6d1ZPkYfGj+FWhIpBux9ppoP3rlclw3Z0BZv3N7b7030Z1kYth+6rDuAsXUFr+d0VE6Ed1ikw=="
    }
  }
}
